
Microsoft Visual Studio Solution File, Format Version 12.00
# Visual Studio 15
VisualStudioVersion = 15.0.28307.136
MinimumVisualStudioVersion = 10.0.40219.1
Project("{9A19103F-16F7-4668-BE54-9A1E7A4F7556}") = "Dag1", "Dag1\Dag1.csproj", "{FF3B8BF4-4081-4914-A355-FC8BCC384534}"
EndProject
Project("{9A19103F-16F7-4668-BE54-9A1E7A4F7556}") = "Dag2", "Dag2\Dag2.csproj", "{F20D776A-CA48-483A-AAC4-A3FB7AFED6E0}"
EndProject
Project("{9A19103F-16F7-4668-BE54-9A1E7A4F7556}") = "Dag3", "Dag3\Dag3.csproj", "{33317651-679C-406E-98C8-3C9E2F5B8207}"
EndProject
Project("{9A19103F-16F7-4668-BE54-9A1E7A4F7556}") = "Dag5", "Dag5\Dag5.csproj", "{F4FBCFC3-145B-4D95-9566-08D60F64ED4D}"
EndProject
Project("{FAE04EC0-301F-11D3-BF4B-00C04F79EFBC}") = "Dag6", "Dag6\Dag6.csproj", "{6C562AEE-B2A2-4C5A-973D-F390F4C3C7D1}"
EndProject
Project("{FAE04EC0-301F-11D3-BF4B-00C04F79EFBC}") = "Dag7", "Dag7\Dag7.csproj", "{ECF4CFEC-81EA-4DD7-800D-7F28AC368F41}"
EndProject
Project("{FAE04EC0-301F-11D3-BF4B-00C04F79EFBC}") = "Dag8", "Dag8\Dag8.csproj", "{C511F6CC-892A-49EB-BFD7-648519C139B1}"
EndProject
Global
	GlobalSection(SolutionConfigurationPlatforms) = preSolution
		Debug|Any CPU = Debug|Any CPU
		Release|Any CPU = Release|Any CPU
	EndGlobalSection
	GlobalSection(ProjectConfigurationPlatforms) = postSolution
		{FF3B8BF4-4081-4914-A355-FC8BCC384534}.Debug|Any CPU.ActiveCfg = Debug|Any CPU
		{FF3B8BF4-4081-4914-A355-FC8BCC384534}.Debug|Any CPU.Build.0 = Debug|Any CPU
		{FF3B8BF4-4081-4914-A355-FC8BCC384534}.Release|Any CPU.ActiveCfg = Release|Any CPU
		{FF3B8BF4-4081-4914-A355-FC8BCC384534}.Release|Any CPU.Build.0 = Release|Any CPU
		{F20D776A-CA48-483A-AAC4-A3FB7AFED6E0}.Debug|Any CPU.ActiveCfg = Debug|Any CPU
		{F20D776A-CA48-483A-AAC4-A3FB7AFED6E0}.Debug|Any CPU.Build.0 = Debug|Any CPU
		{F20D776A-CA48-483A-AAC4-A3FB7AFED6E0}.Release|Any CPU.ActiveCfg = Release|Any CPU
		{F20D776A-CA48-483A-AAC4-A3FB7AFED6E0}.Release|Any CPU.Build.0 = Release|Any CPU
		{33317651-679C-406E-98C8-3C9E2F5B8207}.Debug|Any CPU.ActiveCfg = Debug|Any CPU
		{33317651-679C-406E-98C8-3C9E2F5B8207}.Debug|Any CPU.Build.0 = Debug|Any CPU
		{33317651-679C-406E-98C8-3C9E2F5B8207}.Release|Any CPU.ActiveCfg = Release|Any CPU
		{33317651-679C-406E-98C8-3C9E2F5B8207}.Release|Any CPU.Build.0 = Release|Any CPU
		{F4FBCFC3-145B-4D95-9566-08D60F64ED4D}.Debug|Any CPU.ActiveCfg = Debug|Any CPU
		{F4FBCFC3-145B-4D95-9566-08D60F64ED4D}.Debug|Any CPU.Build.0 = Debug|Any CPU
		{F4FBCFC3-145B-4D95-9566-08D60F64ED4D}.Release|Any CPU.ActiveCfg = Release|Any CPU
		{F4FBCFC3-145B-4D95-9566-08D60F64ED4D}.Release|Any CPU.Build.0 = Release|Any CPU
		{6C562AEE-B2A2-4C5A-973D-F390F4C3C7D1}.Debug|Any CPU.ActiveCfg = Debug|Any CPU
		{6C562AEE-B2A2-4C5A-973D-F390F4C3C7D1}.Debug|Any CPU.Build.0 = Debug|Any CPU
		{6C562AEE-B2A2-4C5A-973D-F390F4C3C7D1}.Release|Any CPU.ActiveCfg = Release|Any CPU
		{6C562AEE-B2A2-4C5A-973D-F390F4C3C7D1}.Release|Any CPU.Build.0 = Release|Any CPU
		{ECF4CFEC-81EA-4DD7-800D-7F28AC368F41}.Debug|Any CPU.ActiveCfg = Debug|Any CPU
		{ECF4CFEC-81EA-4DD7-800D-7F28AC368F41}.Debug|Any CPU.Build.0 = Debug|Any CPU
		{ECF4CFEC-81EA-4DD7-800D-7F28AC368F41}.Release|Any CPU.ActiveCfg = Release|Any CPU
		{ECF4CFEC-81EA-4DD7-800D-7F28AC368F41}.Release|Any CPU.Build.0 = Release|Any CPU
		{C511F6CC-892A-49EB-BFD7-648519C139B1}.Debug|Any CPU.ActiveCfg = Debug|Any CPU
		{C511F6CC-892A-49EB-BFD7-648519C139B1}.Debug|Any CPU.Build.0 = Debug|Any CPU
		{C511F6CC-892A-49EB-BFD7-648519C139B1}.Release|Any CPU.ActiveCfg = Release|Any CPU
		{C511F6CC-892A-49EB-BFD7-648519C139B1}.Release|Any CPU.Build.0 = Release|Any CPU
	EndGlobalSection
	GlobalSection(SolutionProperties) = preSolution
		HideSolutionNode = FALSE
	EndGlobalSection
	GlobalSection(ExtensibilityGlobals) = postSolution
		SolutionGuid = {E12CDBD0-A536-4148-AA87-5E15DE907D51}
	EndGlobalSection
EndGlobal
